<?xml version="1.0" encoding="utf-8"?>
<Project ToolsVersion="4.0" xmlns="http://schemas.microsoft.com/developer/msbuild/2003">
  <ItemGroup>
    <Filter Include="Fichiers sources">
      <UniqueIdentifier>{4FC737F1-C7A5-4376-A066-2A32D752A2FF}</UniqueIdentifier>
      <Extensions>cpp;c;cc;cxx;c++;cppm;ixx;def;odl;idl;hpj;bat;asm;asmx</Extensions>
    </Filter>
    <Filter Include="Fichiers d%27en-tête">
      <UniqueIdentifier>{93995380-89BD-4b04-88EB-625FBE52EBFB}</UniqueIdentifier>
      <Extensions>h;hh;hpp;hxx;h++;hm;inl;inc;ipp;xsd</Extensions>
    </Filter>
    <Filter Include="Fichiers de ressources">
      <UniqueIdentifier>{67DA6AB6-F800-4c08-8B7A-83BB121AAD01}</UniqueIdentifier>
      <Extensions>rc;ico;cur;bmp;dlg;rc2;rct;bin;rgs;gif;jpg;jpeg;jpe;resx;tiff;tif;png;wav;mfcribbon-ms</Extensions>
    </Filter>
  </ItemGroup>
  <ItemGroup>
    <ClInclude Include="..\bitmap.h">
      <Filter>Fichiers d%27en-tête</Filter>
    </ClInclude>
    <ClInclude Include="..\colors.h">
      <Filter>Fichiers d%27en-tête</Filter>
    </ClInclude>
    <ClInclude Include="..\demo.h">
      <Filter>Fichiers d%27en-tête</Filter>
    </ClInclude>
    <ClInclude Include="..\f16_defs.h">
      <Filter>Fichiers d%27en-tête</Filter>
    </ClInclude>
    <ClInclude Include="..\f16_points.h">
      <Filter>Fichiers d%27en-tête</Filter>
    </ClInclude>
    <ClInclude Include="..\flight.h">
      <Filter>Fichiers d%27en-tête</Filter>
    </ClInclude>
    <ClInclude Include="..\graph.h">
      <Filter>Fichiers d%27en-tête</Filter>
    </ClInclude>
    <ClInclude Include="..\irisgl.h">
      <Filter>Fichiers d%27en-tête</Filter>
    </ClInclude>
    <ClInclude Include="..\main.h">
      <Filter>Fichiers d%27en-tête</Filter>
    </ClInclude>
    <ClInclude Include="..\maths.h">
      <Filter>Fichiers d%27en-tête</Filter>
    </ClInclude>
    <ClInclude Include="..\meters.h">
      <Filter>Fichiers d%27en-tête</Filter>
    </ClInclude>
    <ClInclude Include="..\objects.h">
      <Filter>Fichiers d%27en-tête</Filter>
    </ClInclude>
    <ClInclude Include="..\p38.h">
      <Filter>Fichiers d%27en-tête</Filter>
    </ClInclude>
    <ClInclude Include="..\p38_points.h">
      <Filter>Fichiers d%27en-tête</Filter>
    </ClInclude>
    <ClInclude Include="..\planes.h">
      <Filter>Fichiers d%27en-tête</Filter>
    </ClInclude>
    <ClInclude Include="..\sgilogo.h">
      <Filter>Fichiers d%27en-tête</Filter>
    </ClInclude>
    <ClInclude Include="..\uflight.h">
      <Filter>Fichiers d%27en-tête</Filter>
    </ClInclude>
  </ItemGroup>
  <ItemGroup>
    <ClCompile Include="..\b747.c">
      <Filter>Fichiers sources</Filter>
    </ClCompile>
    <ClCompile Include="..\c150.c">
      <Filter>Fichiers sources</Filter>
    </ClCompile>
    <ClCompile Include="..\color.c">
      <Filter>Fichiers sources</Filter>
    </ClCompile>
    <ClCompile Include="..\demo.c">
      <Filter>Fichiers sources</Filter>
    </ClCompile>
    <ClCompile Include="..\draw_logo.c">
      <Filter>Fichiers sources</Filter>
    </ClCompile>
    <ClCompile Include="..\f15.c">
      <Filter>Fichiers sources</Filter>
    </ClCompile>
    <ClCompile Include="..\f16.c">
      <Filter>Fichiers sources</Filter>
    </ClCompile>
    <ClCompile Include="..\f16w.c">
      <Filter>Fichiers sources</Filter>
    </ClCompile>
    <ClCompile Include="..\f18.c">
      <Filter>Fichiers sources</Filter>
    </ClCompile>
    <ClCompile Include="..\flight.c">
      <Filter>Fichiers sources</Filter>
    </ClCompile>
    <ClCompile Include="..\graph.c">
      <Filter>Fichiers sources</Filter>
    </ClCompile>
    <ClCompile Include="..\irisgl.c">
      <Filter>Fichiers sources</Filter>
    </ClCompile>
    <ClCompile Include="..\main.c">
      <Filter>Fichiers sources</Filter>
    </ClCompile>
    <ClCompile Include="..\maths.c">
      <Filter>Fichiers sources</Filter>
    </ClCompile>
    <ClCompile Include="..\meters.c">
      <Filter>Fichiers sources</Filter>
    </ClCompile>
    <ClCompile Include="..\object.c">
      <Filter>Fichiers sources</Filter>
    </ClCompile>
    <ClCompile Include="..\p38.c">
      <Filter>Fichiers sources</Filter>
    </ClCompile>
    <ClCompile Include="..\p38w.c">
      <Filter>Fichiers sources</Filter>
    </ClCompile>
    <ClCompile Include="..\uflight.c">
      <Filter>Fichiers sources</Filter>
    </ClCompile>
    <ClCompile Include="..\strike_cmdr.cpp">
      <Filter>Fichiers sources</Filter>
    </ClCompile>
  </ItemGroup>
  <ItemGroup>
    <None Include="packages.config" />
  </ItemGroup>
</Project>